
Microsoft Visual Studio Solution File, Format Version 12.00
# Visual Studio 15
VisualStudioVersion = 15.0.27703.2035
MinimumVisualStudioVersion = 10.0.40219.1
Project("{FAE04EC0-301F-11D3-BF4B-00C04F79EFBC}") = "AdvancedABC", "AdvancedABC\AdvancedABC.csproj", "{60ACA14D-F023-4796-8B86-BB2939D04FEB}"
EndProject
Global
	GlobalSection(SolutionConfigurationPlatforms) = preSolution
		Debug|Any CPU = Debug|Any CPU
		Release|Any CPU = Release|Any CPU
	EndGlobalSection
	GlobalSection(ProjectConfigurationPlatforms) = postSolution
		{60ACA14D-F023-4796-8B86-BB2939D04FEB}.Debug|Any CPU.ActiveCfg = Debug|Any CPU
		{60ACA14D-F023-4796-8B86-BB2939D04FEB}.Debug|Any CPU.Build.0 = Debug|Any CPU
		{60ACA14D-F023-4796-8B86-BB2939D04FEB}.Release|Any CPU.ActiveCfg = Release|Any CPU
		{60ACA14D-F023-4796-8B86-BB2939D04FEB}.Release|Any CPU.Build.0 = Release|Any CPU
	EndGlobalSection
	GlobalSection(SolutionProperties) = preSolution
		HideSolutionNode = FALSE
	EndGlobalSection
	GlobalSection(ExtensibilityGlobals) = postSolution
		SolutionGuid = {C2BDBD96-FA28-4491-A472-9FA458EBDA6D}
	EndGlobalSection
EndGlobal
